
Microsoft Visual Studio Solution File, Format Version 12.00
# Visual Studio Version 17
VisualStudioVersion = 17.13.35913.81
MinimumVisualStudioVersion = 10.0.40219.1
Project("{FAE04EC0-301F-11D3-BF4B-00C04F79EFBC}") = "CountingWordBlazor", "CountingWordBlazor.csproj", "{569EED48-30EC-4E9B-B981-4008D8F02DFD}"
EndProject
Project("{FAE04EC0-301F-11D3-BF4B-00C04F79EFBC}") = "CountingWordBlazor.Tests", "..\CountingWordBlazor.Tests\CountingWordBlazor.Tests.csproj", "{59626577-1BEE-4540-8C88-AE44AAF750DF}"
EndProject
Project("{2150E333-8FDC-42A3-9474-1A3956D46DE8}") = "CountrinWordBlazor.Infra", "CountrinWordBlazor.Infra", "{02EA681E-C7D8-13C7-8484-4AC65E1B71E8}"
	ProjectSection(SolutionItems) = preProject
		..\CountYourWords.Infra\1-build-basicfit-env.ps1 = ..\CountYourWords.Infra\1-build-basicfit-env.ps1
	EndProjectSection
EndProject
Global
	GlobalSection(SolutionConfigurationPlatforms) = preSolution
		Debug|Any CPU = Debug|Any CPU
		Release|Any CPU = Release|Any CPU
	EndGlobalSection
	GlobalSection(ProjectConfigurationPlatforms) = postSolution
		{569EED48-30EC-4E9B-B981-4008D8F02DFD}.Debug|Any CPU.ActiveCfg = Debug|Any CPU
		{569EED48-30EC-4E9B-B981-4008D8F02DFD}.Debug|Any CPU.Build.0 = Debug|Any CPU
		{569EED48-30EC-4E9B-B981-4008D8F02DFD}.Release|Any CPU.ActiveCfg = Release|Any CPU
		{569EED48-30EC-4E9B-B981-4008D8F02DFD}.Release|Any CPU.Build.0 = Release|Any CPU
		{59626577-1BEE-4540-8C88-AE44AAF750DF}.Debug|Any CPU.ActiveCfg = Debug|Any CPU
		{59626577-1BEE-4540-8C88-AE44AAF750DF}.Debug|Any CPU.Build.0 = Debug|Any CPU
		{59626577-1BEE-4540-8C88-AE44AAF750DF}.Release|Any CPU.ActiveCfg = Release|Any CPU
		{59626577-1BEE-4540-8C88-AE44AAF750DF}.Release|Any CPU.Build.0 = Release|Any CPU
	EndGlobalSection
	GlobalSection(SolutionProperties) = preSolution
		HideSolutionNode = FALSE
	EndGlobalSection
	GlobalSection(ExtensibilityGlobals) = postSolution
		SolutionGuid = {351CDD1E-4AF8-4B6D-9B15-C14CB2DCDBEB}
	EndGlobalSection
EndGlobal
